
Microsoft Visual Studio Solution File, Format Version 12.00
# Visual Studio Version 16
VisualStudioVersion = 16.0.34301.259
MinimumVisualStudioVersion = 10.0.40219.1
Project("{2150E333-8FDC-42A3-9474-1A3956D46DE8}") = "src", "src", "{A4340378-C02F-455B-B483-CFE463D519A5}"
EndProject
Project("{2150E333-8FDC-42A3-9474-1A3956D46DE8}") = "tests", "tests", "{2071B8AA-F0FA-4DC9-B6FA-5919F9123FE1}"
EndProject
Project("{9A19103F-16F7-4668-BE54-9A1E7A4F7556}") = "BlogWebApi.Domain", "BlogWebApi.Domain\BlogWebApi.Domain.csproj", "{00FED823-A044-4895-9A15-6C2FE8351BA7}"
EndProject
Project("{9A19103F-16F7-4668-BE54-9A1E7A4F7556}") = "BlogWebApi.Application", "BlogWebApi.Application\BlogWebApi.Application.csproj", "{2D3BD48B-9C17-4B0F-9C78-32548057BC0F}"
EndProject
Project("{9A19103F-16F7-4668-BE54-9A1E7A4F7556}") = "BlogWebApi.Infrastructure.Data", "BlogWebApi.Infrastructure.Data\BlogWebApi.Infrastructure.Data.csproj", "{001954AE-70C1-4BEB-9776-F719B68B2029}"
EndProject
Project("{9A19103F-16F7-4668-BE54-9A1E7A4F7556}") = "BlogWebApi.Infrastructure.CrossCutting", "BlogWebApi.Infrastructure.CrossCuting\BlogWebApi.Infrastructure.CrossCutting.csproj", "{9BD36924-43EA-4582-85FC-4FC880EE80BC}"
EndProject
Project("{9A19103F-16F7-4668-BE54-9A1E7A4F7556}") = "BlogWebApi.Api", "BlogWebApi.Api\BlogWebApi.Api.csproj", "{AA122E35-783A-4018-8D8D-DD11607F5677}"
EndProject
Project("{FAE04EC0-301F-11D3-BF4B-00C04F79EFBC}") = "BlogWebApi.Infrastructure.AutoMapper", "BlogWebApi.Infrastructure.AutoMapper\BlogWebApi.Infrastructure.AutoMapper.csproj", "{730E469A-E6FE-4B28-BA74-9DAF21168AFD}"
EndProject
Global
	GlobalSection(SolutionConfigurationPlatforms) = preSolution
		Debug|Any CPU = Debug|Any CPU
		Release|Any CPU = Release|Any CPU
	EndGlobalSection
	GlobalSection(ProjectConfigurationPlatforms) = postSolution
		{00FED823-A044-4895-9A15-6C2FE8351BA7}.Debug|Any CPU.ActiveCfg = Debug|Any CPU
		{00FED823-A044-4895-9A15-6C2FE8351BA7}.Debug|Any CPU.Build.0 = Debug|Any CPU
		{00FED823-A044-4895-9A15-6C2FE8351BA7}.Release|Any CPU.ActiveCfg = Release|Any CPU
		{00FED823-A044-4895-9A15-6C2FE8351BA7}.Release|Any CPU.Build.0 = Release|Any CPU
		{2D3BD48B-9C17-4B0F-9C78-32548057BC0F}.Debug|Any CPU.ActiveCfg = Debug|Any CPU
		{2D3BD48B-9C17-4B0F-9C78-32548057BC0F}.Debug|Any CPU.Build.0 = Debug|Any CPU
		{2D3BD48B-9C17-4B0F-9C78-32548057BC0F}.Release|Any CPU.ActiveCfg = Release|Any CPU
		{2D3BD48B-9C17-4B0F-9C78-32548057BC0F}.Release|Any CPU.Build.0 = Release|Any CPU
		{001954AE-70C1-4BEB-9776-F719B68B2029}.Debug|Any CPU.ActiveCfg = Debug|Any CPU
		{001954AE-70C1-4BEB-9776-F719B68B2029}.Debug|Any CPU.Build.0 = Debug|Any CPU
		{001954AE-70C1-4BEB-9776-F719B68B2029}.Release|Any CPU.ActiveCfg = Release|Any CPU
		{001954AE-70C1-4BEB-9776-F719B68B2029}.Release|Any CPU.Build.0 = Release|Any CPU
		{9BD36924-43EA-4582-85FC-4FC880EE80BC}.Debug|Any CPU.ActiveCfg = Debug|Any CPU
		{9BD36924-43EA-4582-85FC-4FC880EE80BC}.Debug|Any CPU.Build.0 = Debug|Any CPU
		{9BD36924-43EA-4582-85FC-4FC880EE80BC}.Release|Any CPU.ActiveCfg = Release|Any CPU
		{9BD36924-43EA-4582-85FC-4FC880EE80BC}.Release|Any CPU.Build.0 = Release|Any CPU
		{AA122E35-783A-4018-8D8D-DD11607F5677}.Debug|Any CPU.ActiveCfg = Debug|Any CPU
		{AA122E35-783A-4018-8D8D-DD11607F5677}.Debug|Any CPU.Build.0 = Debug|Any CPU
		{AA122E35-783A-4018-8D8D-DD11607F5677}.Release|Any CPU.ActiveCfg = Release|Any CPU
		{AA122E35-783A-4018-8D8D-DD11607F5677}.Release|Any CPU.Build.0 = Release|Any CPU
		{730E469A-E6FE-4B28-BA74-9DAF21168AFD}.Debug|Any CPU.ActiveCfg = Debug|Any CPU
		{730E469A-E6FE-4B28-BA74-9DAF21168AFD}.Debug|Any CPU.Build.0 = Debug|Any CPU
		{730E469A-E6FE-4B28-BA74-9DAF21168AFD}.Release|Any CPU.ActiveCfg = Release|Any CPU
		{730E469A-E6FE-4B28-BA74-9DAF21168AFD}.Release|Any CPU.Build.0 = Release|Any CPU
	EndGlobalSection
	GlobalSection(SolutionProperties) = preSolution
		HideSolutionNode = FALSE
	EndGlobalSection
	GlobalSection(NestedProjects) = preSolution
		{00FED823-A044-4895-9A15-6C2FE8351BA7} = {A4340378-C02F-455B-B483-CFE463D519A5}
		{2D3BD48B-9C17-4B0F-9C78-32548057BC0F} = {A4340378-C02F-455B-B483-CFE463D519A5}
		{001954AE-70C1-4BEB-9776-F719B68B2029} = {A4340378-C02F-455B-B483-CFE463D519A5}
		{9BD36924-43EA-4582-85FC-4FC880EE80BC} = {A4340378-C02F-455B-B483-CFE463D519A5}
		{AA122E35-783A-4018-8D8D-DD11607F5677} = {A4340378-C02F-455B-B483-CFE463D519A5}
		{730E469A-E6FE-4B28-BA74-9DAF21168AFD} = {A4340378-C02F-455B-B483-CFE463D519A5}
	EndGlobalSection
	GlobalSection(ExtensibilityGlobals) = postSolution
		SolutionGuid = {A803BBD1-8ED5-4D8A-8B8B-61A9CEFB3F5C}
	EndGlobalSection
EndGlobal
